
Microsoft Visual Studio Solution File, Format Version 12.00
# Visual Studio Version 17
VisualStudioVersion = 17.3.32922.545
MinimumVisualStudioVersion = 10.0.40219.1
Project("{9A19103F-16F7-4668-BE54-9A1E7A4F7556}") = "Targil0", "Targil0\Targil0.csproj", "{6AA646CD-AC2D-457D-B7E5-5C3945241800}"
EndProject
Project("{9A19103F-16F7-4668-BE54-9A1E7A4F7556}") = "DalFacade", "DalFacade\DalFacade.csproj", "{1F349A90-3057-43AD-BBCF-062FC281E5BD}"
EndProject
Project("{9A19103F-16F7-4668-BE54-9A1E7A4F7556}") = "DalList", "DalList\DalList.csproj", "{79A71F09-DCD4-4E1F-A395-A2A5176A249B}"
EndProject
Project("{9A19103F-16F7-4668-BE54-9A1E7A4F7556}") = "DalTest", "DalTest\DalTest.csproj", "{5C237E26-521A-46AB-A303-E4A69411684E}"
EndProject
Project("{9A19103F-16F7-4668-BE54-9A1E7A4F7556}") = "BL", "BL\BL.csproj", "{D019518A-7917-407E-AD58-B78C9BC053D4}"
EndProject
Project("{9A19103F-16F7-4668-BE54-9A1E7A4F7556}") = "BlTest", "BlTest\BlTest.csproj", "{5A7B5D42-E3A8-44DC-9E75-6928DB0AA562}"
EndProject
Project("{9A19103F-16F7-4668-BE54-9A1E7A4F7556}") = "PL", "PL\PL.csproj", "{17D9A96F-5805-426C-B962-D32A46F9B06C}"
EndProject
Project("{2150E333-8FDC-42A3-9474-1A3956D46DE8}") = "xml", "xml", "{0D6AB82C-D85C-4630-8822-59652817F568}"
	ProjectSection(SolutionItems) = preProject
		xml\dal-config.xml = xml\dal-config.xml
	EndProjectSection
EndProject
Project("{FAE04EC0-301F-11D3-BF4B-00C04F79EFBC}") = "DalXml", "DalXml\DalXml.csproj", "{9C42DE6C-8D52-4ACA-9D3B-3F1E6D89C9FA}"
EndProject
Global
	GlobalSection(SolutionConfigurationPlatforms) = preSolution
		Debug|Any CPU = Debug|Any CPU
		Release|Any CPU = Release|Any CPU
	EndGlobalSection
	GlobalSection(ProjectConfigurationPlatforms) = postSolution
		{6AA646CD-AC2D-457D-B7E5-5C3945241800}.Debug|Any CPU.ActiveCfg = Debug|Any CPU
		{6AA646CD-AC2D-457D-B7E5-5C3945241800}.Debug|Any CPU.Build.0 = Debug|Any CPU
		{6AA646CD-AC2D-457D-B7E5-5C3945241800}.Release|Any CPU.ActiveCfg = Release|Any CPU
		{6AA646CD-AC2D-457D-B7E5-5C3945241800}.Release|Any CPU.Build.0 = Release|Any CPU
		{1F349A90-3057-43AD-BBCF-062FC281E5BD}.Debug|Any CPU.ActiveCfg = Debug|Any CPU
		{1F349A90-3057-43AD-BBCF-062FC281E5BD}.Debug|Any CPU.Build.0 = Debug|Any CPU
		{1F349A90-3057-43AD-BBCF-062FC281E5BD}.Release|Any CPU.ActiveCfg = Release|Any CPU
		{1F349A90-3057-43AD-BBCF-062FC281E5BD}.Release|Any CPU.Build.0 = Release|Any CPU
		{79A71F09-DCD4-4E1F-A395-A2A5176A249B}.Debug|Any CPU.ActiveCfg = Debug|Any CPU
		{79A71F09-DCD4-4E1F-A395-A2A5176A249B}.Debug|Any CPU.Build.0 = Debug|Any CPU
		{79A71F09-DCD4-4E1F-A395-A2A5176A249B}.Release|Any CPU.ActiveCfg = Release|Any CPU
		{79A71F09-DCD4-4E1F-A395-A2A5176A249B}.Release|Any CPU.Build.0 = Release|Any CPU
		{5C237E26-521A-46AB-A303-E4A69411684E}.Debug|Any CPU.ActiveCfg = Debug|Any CPU
		{5C237E26-521A-46AB-A303-E4A69411684E}.Debug|Any CPU.Build.0 = Debug|Any CPU
		{5C237E26-521A-46AB-A303-E4A69411684E}.Release|Any CPU.ActiveCfg = Release|Any CPU
		{5C237E26-521A-46AB-A303-E4A69411684E}.Release|Any CPU.Build.0 = Release|Any CPU
		{D019518A-7917-407E-AD58-B78C9BC053D4}.Debug|Any CPU.ActiveCfg = Debug|Any CPU
		{D019518A-7917-407E-AD58-B78C9BC053D4}.Debug|Any CPU.Build.0 = Debug|Any CPU
		{D019518A-7917-407E-AD58-B78C9BC053D4}.Release|Any CPU.ActiveCfg = Release|Any CPU
		{D019518A-7917-407E-AD58-B78C9BC053D4}.Release|Any CPU.Build.0 = Release|Any CPU
		{5A7B5D42-E3A8-44DC-9E75-6928DB0AA562}.Debug|Any CPU.ActiveCfg = Debug|Any CPU
		{5A7B5D42-E3A8-44DC-9E75-6928DB0AA562}.Debug|Any CPU.Build.0 = Debug|Any CPU
		{5A7B5D42-E3A8-44DC-9E75-6928DB0AA562}.Release|Any CPU.ActiveCfg = Release|Any CPU
		{5A7B5D42-E3A8-44DC-9E75-6928DB0AA562}.Release|Any CPU.Build.0 = Release|Any CPU
		{17D9A96F-5805-426C-B962-D32A46F9B06C}.Debug|Any CPU.ActiveCfg = Debug|Any CPU
		{17D9A96F-5805-426C-B962-D32A46F9B06C}.Debug|Any CPU.Build.0 = Debug|Any CPU
		{17D9A96F-5805-426C-B962-D32A46F9B06C}.Release|Any CPU.ActiveCfg = Release|Any CPU
		{17D9A96F-5805-426C-B962-D32A46F9B06C}.Release|Any CPU.Build.0 = Release|Any CPU
		{9C42DE6C-8D52-4ACA-9D3B-3F1E6D89C9FA}.Debug|Any CPU.ActiveCfg = Debug|Any CPU
		{9C42DE6C-8D52-4ACA-9D3B-3F1E6D89C9FA}.Debug|Any CPU.Build.0 = Debug|Any CPU
		{9C42DE6C-8D52-4ACA-9D3B-3F1E6D89C9FA}.Release|Any CPU.ActiveCfg = Release|Any CPU
		{9C42DE6C-8D52-4ACA-9D3B-3F1E6D89C9FA}.Release|Any CPU.Build.0 = Release|Any CPU
	EndGlobalSection
	GlobalSection(SolutionProperties) = preSolution
		HideSolutionNode = FALSE
	EndGlobalSection
	GlobalSection(ExtensibilityGlobals) = postSolution
		SolutionGuid = {0C0820F9-3EC5-470E-A687-BEB287B31452}
	EndGlobalSection
EndGlobal
